// !$*UTF8*$!
{
	archiveVersion = 1;
	classes = {
	};
	objectVersion = 56;
	objects = {

/* Begin PBXBuildFile section */
		0407B5D42990EBF000BFA021 /* AssetListCell.swift in Sources */ = {isa = PBXBuildFile; fileRef = 0407B5D32990EBF000BFA021 /* AssetListCell.swift */; };
		0447A821298D4BD7001FF53F /* DetailViewController.swift in Sources */ = {isa = PBXBuildFile; fileRef = 0447A820298D4BD7001FF53F /* DetailViewController.swift */; };
		0447A825298D4C46001FF53F /* DetailViewModel.swift in Sources */ = {isa = PBXBuildFile; fileRef = 0447A824298D4C46001FF53F /* DetailViewModel.swift */; };
		0447A82C298D5F1A001FF53F /* MainCoordinator.swift in Sources */ = {isa = PBXBuildFile; fileRef = 0447A82B298D5F1A001FF53F /* MainCoordinator.swift */; };
		0447A831298E214B001FF53F /* Coordinator.swift in Sources */ = {isa = PBXBuildFile; fileRef = 0447A830298E214B001FF53F /* Coordinator.swift */; };
		0447A833298E21FC001FF53F /* MainCoordinatorFactory.swift in Sources */ = {isa = PBXBuildFile; fileRef = 0447A832298E21FC001FF53F /* MainCoordinatorFactory.swift */; };
		0447A845298EE1B4001FF53F /* MainViewController.swift in Sources */ = {isa = PBXBuildFile; fileRef = 0447A843298EE1B4001FF53F /* MainViewController.swift */; };
		0447A846298EE1B4001FF53F /* MainViewModel.swift in Sources */ = {isa = PBXBuildFile; fileRef = 0447A844298EE1B4001FF53F /* MainViewModel.swift */; };
		0447A849298EF610001FF53F /* APIService.swift in Sources */ = {isa = PBXBuildFile; fileRef = 0447A848298EF610001FF53F /* APIService.swift */; };
		0447A84B298FB4E7001FF53F /* NetworkManager.swift in Sources */ = {isa = PBXBuildFile; fileRef = 0447A84A298FB4E7001FF53F /* NetworkManager.swift */; };
		0447A84D298FB985001FF53F /* APIError.swift in Sources */ = {isa = PBXBuildFile; fileRef = 0447A84C298FB985001FF53F /* APIError.swift */; };
		0447A850298FCF18001FF53F /* AssetsRequests.swift in Sources */ = {isa = PBXBuildFile; fileRef = 0447A84F298FCF18001FF53F /* AssetsRequests.swift */; };
		0447A854298FD00E001FF53F /* AssetsResponse.swift in Sources */ = {isa = PBXBuildFile; fileRef = 0447A853298FD00E001FF53F /* AssetsResponse.swift */; };
		0447A856298FFB8B001FF53F /* AppConfig.swift in Sources */ = {isa = PBXBuildFile; fileRef = 0447A855298FFB8B001FF53F /* AppConfig.swift */; };
		04EED88A298C573C0092B93F /* AppDelegate.swift in Sources */ = {isa = PBXBuildFile; fileRef = 04EED889298C573C0092B93F /* AppDelegate.swift */; };
		04EED893298C573E0092B93F /* Assets.xcassets in Resources */ = {isa = PBXBuildFile; fileRef = 04EED892298C573E0092B93F /* Assets.xcassets */; };
		04EED896298C573E0092B93F /* LaunchScreen.storyboard in Resources */ = {isa = PBXBuildFile; fileRef = 04EED894298C573E0092B93F /* LaunchScreen.storyboard */; };
		04EED8A1298C573E0092B93F /* PTAssetsTests.swift in Sources */ = {isa = PBXBuildFile; fileRef = 04EED8A0298C573E0092B93F /* PTAssetsTests.swift */; };
		04EED8AB298C573E0092B93F /* PTAssetsUITests.swift in Sources */ = {isa = PBXBuildFile; fileRef = 04EED8AA298C573E0092B93F /* PTAssetsUITests.swift */; };
		04EED8AD298C573E0092B93F /* PTAssetsUITestsLaunchTests.swift in Sources */ = {isa = PBXBuildFile; fileRef = 04EED8AC298C573E0092B93F /* PTAssetsUITestsLaunchTests.swift */; };
		2738A14C66395560A0196061 /* Pods_PTAssetsTests.framework in Frameworks */ = {isa = PBXBuildFile; fileRef = E265534CE52F738292612FFF /* Pods_PTAssetsTests.framework */; };
		CCE9FB8639BFA2DCDDB01A10 /* Pods_PTAssets.framework in Frameworks */ = {isa = PBXBuildFile; fileRef = B67EEE7F2E36F4C83BAF8150 /* Pods_PTAssets.framework */; };
		F2475F0C86DD792EFF27B9B7 /* Pods_PTAssets_PTAssetsUITests.framework in Frameworks */ = {isa = PBXBuildFile; fileRef = 70469A2DEC9E0AC9B1068462 /* Pods_PTAssets_PTAssetsUITests.framework */; };
/* End PBXBuildFile section */

/* Begin PBXContainerItemProxy section */
		04EED89D298C573E0092B93F /* PBXContainerItemProxy */ = {
			isa = PBXContainerItemProxy;
			containerPortal = 04EED87E298C573C0092B93F /* Project object */;
			proxyType = 1;
			remoteGlobalIDString = 04EED885298C573C0092B93F;
			remoteInfo = PTAssets;
		};
		04EED8A7298C573E0092B93F /* PBXContainerItemProxy */ = {
			isa = PBXContainerItemProxy;
			containerPortal = 04EED87E298C573C0092B93F /* Project object */;
			proxyType = 1;
			remoteGlobalIDString = 04EED885298C573C0092B93F;
			remoteInfo = PTAssets;
		};
/* End PBXContainerItemProxy section */

/* Begin PBXFileReference section */
		0407B5D32990EBF000BFA021 /* AssetListCell.swift */ = {isa = PBXFileReference; fileEncoding = 4; lastKnownFileType = sourcecode.swift; path = AssetListCell.swift; sourceTree = "<group>"; };
		0447A820298D4BD7001FF53F /* DetailViewController.swift */ = {isa = PBXFileReference; lastKnownFileType = sourcecode.swift; path = DetailViewController.swift; sourceTree = "<group>"; };
		0447A824298D4C46001FF53F /* DetailViewModel.swift */ = {isa = PBXFileReference; lastKnownFileType = sourcecode.swift; path = DetailViewModel.swift; sourceTree = "<group>"; };
		0447A82B298D5F1A001FF53F /* MainCoordinator.swift */ = {isa = PBXFileReference; lastKnownFileType = sourcecode.swift; path = MainCoordinator.swift; sourceTree = "<group>"; };
		0447A830298E214B001FF53F /* Coordinator.swift */ = {isa = PBXFileReference; lastKnownFileType = sourcecode.swift; path = Coordinator.swift; sourceTree = "<group>"; };
		0447A832298E21FC001FF53F /* MainCoordinatorFactory.swift */ = {isa = PBXFileReference; lastKnownFileType = sourcecode.swift; path = MainCoordinatorFactory.swift; sourceTree = "<group>"; };
		0447A843298EE1B4001FF53F /* MainViewController.swift */ = {isa = PBXFileReference; fileEncoding = 4; lastKnownFileType = sourcecode.swift; path = MainViewController.swift; sourceTree = "<group>"; };
		0447A844298EE1B4001FF53F /* MainViewModel.swift */ = {isa = PBXFileReference; fileEncoding = 4; lastKnownFileType = sourcecode.swift; path = MainViewModel.swift; sourceTree = "<group>"; };
		0447A848298EF610001FF53F /* APIService.swift */ = {isa = PBXFileReference; lastKnownFileType = sourcecode.swift; path = APIService.swift; sourceTree = "<group>"; };
		0447A84A298FB4E7001FF53F /* NetworkManager.swift */ = {isa = PBXFileReference; lastKnownFileType = sourcecode.swift; path = NetworkManager.swift; sourceTree = "<group>"; };
		0447A84C298FB985001FF53F /* APIError.swift */ = {isa = PBXFileReference; lastKnownFileType = sourcecode.swift; path = APIError.swift; sourceTree = "<group>"; };
		0447A84F298FCF18001FF53F /* AssetsRequests.swift */ = {isa = PBXFileReference; lastKnownFileType = sourcecode.swift; path = AssetsRequests.swift; sourceTree = "<group>"; };
		0447A853298FD00E001FF53F /* AssetsResponse.swift */ = {isa = PBXFileReference; lastKnownFileType = sourcecode.swift; path = AssetsResponse.swift; sourceTree = "<group>"; };
		0447A855298FFB8B001FF53F /* AppConfig.swift */ = {isa = PBXFileReference; lastKnownFileType = sourcecode.swift; path = AppConfig.swift; sourceTree = "<group>"; };
		04EED886298C573C0092B93F /* PTAssets.app */ = {isa = PBXFileReference; explicitFileType = wrapper.application; includeInIndex = 0; path = PTAssets.app; sourceTree = BUILT_PRODUCTS_DIR; };
		04EED889298C573C0092B93F /* AppDelegate.swift */ = {isa = PBXFileReference; lastKnownFileType = sourcecode.swift; path = AppDelegate.swift; sourceTree = "<group>"; };
		04EED892298C573E0092B93F /* Assets.xcassets */ = {isa = PBXFileReference; lastKnownFileType = folder.assetcatalog; path = Assets.xcassets; sourceTree = "<group>"; };
		04EED895298C573E0092B93F /* Base */ = {isa = PBXFileReference; lastKnownFileType = file.storyboard; name = Base; path = Base.lproj/LaunchScreen.storyboard; sourceTree = "<group>"; };
		04EED897298C573E0092B93F /* Info.plist */ = {isa = PBXFileReference; lastKnownFileType = text.plist.xml; path = Info.plist; sourceTree = "<group>"; };
		04EED89C298C573E0092B93F /* PTAssetsTests.xctest */ = {isa = PBXFileReference; explicitFileType = wrapper.cfbundle; includeInIndex = 0; path = PTAssetsTests.xctest; sourceTree = BUILT_PRODUCTS_DIR; };
		04EED8A0298C573E0092B93F /* PTAssetsTests.swift */ = {isa = PBXFileReference; lastKnownFileType = sourcecode.swift; path = PTAssetsTests.swift; sourceTree = "<group>"; };
		04EED8A6298C573E0092B93F /* PTAssetsUITests.xctest */ = {isa = PBXFileReference; explicitFileType = wrapper.cfbundle; includeInIndex = 0; path = PTAssetsUITests.xctest; sourceTree = BUILT_PRODUCTS_DIR; };
		04EED8AA298C573E0092B93F /* PTAssetsUITests.swift */ = {isa = PBXFileReference; lastKnownFileType = sourcecode.swift; path = PTAssetsUITests.swift; sourceTree = "<group>"; };
		04EED8AC298C573E0092B93F /* PTAssetsUITestsLaunchTests.swift */ = {isa = PBXFileReference; lastKnownFileType = sourcecode.swift; path = PTAssetsUITestsLaunchTests.swift; sourceTree = "<group>"; };
		127F21575632092842303A84 /* Pods-PTAssetsTests.debug.xcconfig */ = {isa = PBXFileReference; includeInIndex = 1; lastKnownFileType = text.xcconfig; name = "Pods-PTAssetsTests.debug.xcconfig"; path = "Target Support Files/Pods-PTAssetsTests/Pods-PTAssetsTests.debug.xcconfig"; sourceTree = "<group>"; };
		70469A2DEC9E0AC9B1068462 /* Pods_PTAssets_PTAssetsUITests.framework */ = {isa = PBXFileReference; explicitFileType = wrapper.framework; includeInIndex = 0; path = Pods_PTAssets_PTAssetsUITests.framework; sourceTree = BUILT_PRODUCTS_DIR; };
		9848B16362D69316E4CA2F65 /* Pods-PTAssets-PTAssetsUITests.debug.xcconfig */ = {isa = PBXFileReference; includeInIndex = 1; lastKnownFileType = text.xcconfig; name = "Pods-PTAssets-PTAssetsUITests.debug.xcconfig"; path = "Target Support Files/Pods-PTAssets-PTAssetsUITests/Pods-PTAssets-PTAssetsUITests.debug.xcconfig"; sourceTree = "<group>"; };
		A81B8A336719CDF8326C85C1 /* Pods-PTAssets-PTAssetsUITests.release.xcconfig */ = {isa = PBXFileReference; includeInIndex = 1; lastKnownFileType = text.xcconfig; name = "Pods-PTAssets-PTAssetsUITests.release.xcconfig"; path = "Target Support Files/Pods-PTAssets-PTAssetsUITests/Pods-PTAssets-PTAssetsUITests.release.xcconfig"; sourceTree = "<group>"; };
		B3E76E0C1A0D45B04DDB185C /* Pods-PTAssetsTests.release.xcconfig */ = {isa = PBXFileReference; includeInIndex = 1; lastKnownFileType = text.xcconfig; name = "Pods-PTAssetsTests.release.xcconfig"; path = "Target Support Files/Pods-PTAssetsTests/Pods-PTAssetsTests.release.xcconfig"; sourceTree = "<group>"; };
		B67EEE7F2E36F4C83BAF8150 /* Pods_PTAssets.framework */ = {isa = PBXFileReference; explicitFileType = wrapper.framework; includeInIndex = 0; path = Pods_PTAssets.framework; sourceTree = BUILT_PRODUCTS_DIR; };
		BF3F822D03A4553E14E34DD5 /* Pods-PTAssets.debug.xcconfig */ = {isa = PBXFileReference; includeInIndex = 1; lastKnownFileType = text.xcconfig; name = "Pods-PTAssets.debug.xcconfig"; path = "Target Support Files/Pods-PTAssets/Pods-PTAssets.debug.xcconfig"; sourceTree = "<group>"; };
		E265534CE52F738292612FFF /* Pods_PTAssetsTests.framework */ = {isa = PBXFileReference; explicitFileType = wrapper.framework; includeInIndex = 0; path = Pods_PTAssetsTests.framework; sourceTree = BUILT_PRODUCTS_DIR; };
		F8A3C73EC9C03141476DA71A /* Pods-PTAssets.release.xcconfig */ = {isa = PBXFileReference; includeInIndex = 1; lastKnownFileType = text.xcconfig; name = "Pods-PTAssets.release.xcconfig"; path = "Target Support Files/Pods-PTAssets/Pods-PTAssets.release.xcconfig"; sourceTree = "<group>"; };
/* End PBXFileReference section */

/* Begin PBXFrameworksBuildPhase section */
		04EED883298C573C0092B93F /* Frameworks */ = {
			isa = PBXFrameworksBuildPhase;
			buildActionMask = 2147483647;
			files = (
				CCE9FB8639BFA2DCDDB01A10 /* Pods_PTAssets.framework in Frameworks */,
			);
			runOnlyForDeploymentPostprocessing = 0;
		};
		04EED899298C573E0092B93F /* Frameworks */ = {
			isa = PBXFrameworksBuildPhase;
			buildActionMask = 2147483647;
			files = (
				2738A14C66395560A0196061 /* Pods_PTAssetsTests.framework in Frameworks */,
			);
			runOnlyForDeploymentPostprocessing = 0;
		};
		04EED8A3298C573E0092B93F /* Frameworks */ = {
			isa = PBXFrameworksBuildPhase;
			buildActionMask = 2147483647;
			files = (
				F2475F0C86DD792EFF27B9B7 /* Pods_PTAssets_PTAssetsUITests.framework in Frameworks */,
			);
			runOnlyForDeploymentPostprocessing = 0;
		};
/* End PBXFrameworksBuildPhase section */

/* Begin PBXGroup section */
		0407B5D22990EBF000BFA021 /* Subviews */ = {
			isa = PBXGroup;
			children = (
				0407B5D32990EBF000BFA021 /* AssetListCell.swift */,
			);
			path = Subviews;
			sourceTree = "<group>";
		};
		0447A7FF298CF9CA001FF53F /* Resources */ = {
			isa = PBXGroup;
			children = (
				0447A800298CF9D8001FF53F /* Storyboard */,
				04EED892298C573E0092B93F /* Assets.xcassets */,
				04EED897298C573E0092B93F /* Info.plist */,
			);
			path = Resources;
			sourceTree = "<group>";
		};
		0447A800298CF9D8001FF53F /* Storyboard */ = {
			isa = PBXGroup;
			children = (
				04EED894298C573E0092B93F /* LaunchScreen.storyboard */,
			);
			path = Storyboard;
			sourceTree = "<group>";
		};
		0447A801298CFA04001FF53F /* Modules */ = {
			isa = PBXGroup;
			children = (
				0447A802298CFA20001FF53F /* Main */,
				0447A803298CFA25001FF53F /* Detail */,
			);
			path = Modules;
			sourceTree = "<group>";
		};
		0447A802298CFA20001FF53F /* Main */ = {
			isa = PBXGroup;
			children = (
				0447A842298EE1B4001FF53F /* Views */,
			);
			path = Main;
			sourceTree = "<group>";
		};
		0447A803298CFA25001FF53F /* Detail */ = {
			isa = PBXGroup;
			children = (
				0447A81F298D4BC1001FF53F /* Views */,
			);
			path = Detail;
			sourceTree = "<group>";
		};
		0447A81F298D4BC1001FF53F /* Views */ = {
			isa = PBXGroup;
			children = (
				0447A820298D4BD7001FF53F /* DetailViewController.swift */,
				0447A824298D4C46001FF53F /* DetailViewModel.swift */,
			);
			path = Views;
			sourceTree = "<group>";
		};
		0447A826298D5E8A001FF53F /* Coordinator */ = {
			isa = PBXGroup;
			children = (
				0447A830298E214B001FF53F /* Coordinator.swift */,
				0447A82B298D5F1A001FF53F /* MainCoordinator.swift */,
				0447A838298EBE2D001FF53F /* Factory */,
			);
			path = Coordinator;
			sourceTree = "<group>";
		};
		0447A838298EBE2D001FF53F /* Factory */ = {
			isa = PBXGroup;
			children = (
				0447A832298E21FC001FF53F /* MainCoordinatorFactory.swift */,
			);
			path = Factory;
			sourceTree = "<group>";
		};
		0447A842298EE1B4001FF53F /* Views */ = {
			isa = PBXGroup;
			children = (
				0447A843298EE1B4001FF53F /* MainViewController.swift */,
				0447A844298EE1B4001FF53F /* MainViewModel.swift */,
				0407B5D22990EBF000BFA021 /* Subviews */,
			);
			path = Views;
			sourceTree = "<group>";
		};
		0447A847298EF350001FF53F /* Network */ = {
			isa = PBXGroup;
			children = (
				0447A848298EF610001FF53F /* APIService.swift */,
				0447A84C298FB985001FF53F /* APIError.swift */,
				0447A84A298FB4E7001FF53F /* NetworkManager.swift */,
				0447A851298FCF8F001FF53F /* Requests */,
				0447A852298FCFFA001FF53F /* Responses */,
			);
			path = Network;
			sourceTree = "<group>";
		};
		0447A851298FCF8F001FF53F /* Requests */ = {
			isa = PBXGroup;
			children = (
				0447A84F298FCF18001FF53F /* AssetsRequests.swift */,
			);
			path = Requests;
			sourceTree = "<group>";
		};
		0447A852298FCFFA001FF53F /* Responses */ = {
			isa = PBXGroup;
			children = (
				0447A853298FD00E001FF53F /* AssetsResponse.swift */,
			);
			path = Responses;
			sourceTree = "<group>";
		};
		0447A857298FFB98001FF53F /* Utility */ = {
			isa = PBXGroup;
			children = (
				0447A855298FFB8B001FF53F /* AppConfig.swift */,
			);
			path = Utility;
			sourceTree = "<group>";
		};
		04EED87D298C573C0092B93F = {
			isa = PBXGroup;
			children = (
				04EED888298C573C0092B93F /* PTAssets */,
				04EED89F298C573E0092B93F /* PTAssetsTests */,
				04EED8A9298C573E0092B93F /* PTAssetsUITests */,
				04EED887298C573C0092B93F /* Products */,
				D2355646C53A1DCA4DB5BA97 /* Pods */,
				68007257DFFF190B80ED6A99 /* Frameworks */,
			);
			sourceTree = "<group>";
		};
		04EED887298C573C0092B93F /* Products */ = {
			isa = PBXGroup;
			children = (
				04EED886298C573C0092B93F /* PTAssets.app */,
				04EED89C298C573E0092B93F /* PTAssetsTests.xctest */,
				04EED8A6298C573E0092B93F /* PTAssetsUITests.xctest */,
			);
			name = Products;
			sourceTree = "<group>";
		};
		04EED888298C573C0092B93F /* PTAssets */ = {
			isa = PBXGroup;
			children = (
				04EED889298C573C0092B93F /* AppDelegate.swift */,
				0447A857298FFB98001FF53F /* Utility */,
				0447A847298EF350001FF53F /* Network */,
				0447A826298D5E8A001FF53F /* Coordinator */,
				0447A801298CFA04001FF53F /* Modules */,
				0447A7FF298CF9CA001FF53F /* Resources */,
			);
			path = PTAssets;
			sourceTree = "<group>";
		};
		04EED89F298C573E0092B93F /* PTAssetsTests */ = {
			isa = PBXGroup;
			children = (
				04EED8A0298C573E0092B93F /* PTAssetsTests.swift */,
			);
			path = PTAssetsTests;
			sourceTree = "<group>";
		};
		04EED8A9298C573E0092B93F /* PTAssetsUITests */ = {
			isa = PBXGroup;
			children = (
				04EED8AA298C573E0092B93F /* PTAssetsUITests.swift */,
				04EED8AC298C573E0092B93F /* PTAssetsUITestsLaunchTests.swift */,
			);
			path = PTAssetsUITests;
			sourceTree = "<group>";
		};
		68007257DFFF190B80ED6A99 /* Frameworks */ = {
			isa = PBXGroup;
			children = (
				B67EEE7F2E36F4C83BAF8150 /* Pods_PTAssets.framework */,
				70469A2DEC9E0AC9B1068462 /* Pods_PTAssets_PTAssetsUITests.framework */,
				E265534CE52F738292612FFF /* Pods_PTAssetsTests.framework */,
			);
			name = Frameworks;
			sourceTree = "<group>";
		};
		D2355646C53A1DCA4DB5BA97 /* Pods */ = {
			isa = PBXGroup;
			children = (
				BF3F822D03A4553E14E34DD5 /* Pods-PTAssets.debug.xcconfig */,
				F8A3C73EC9C03141476DA71A /* Pods-PTAssets.release.xcconfig */,
				9848B16362D69316E4CA2F65 /* Pods-PTAssets-PTAssetsUITests.debug.xcconfig */,
				A81B8A336719CDF8326C85C1 /* Pods-PTAssets-PTAssetsUITests.release.xcconfig */,
				127F21575632092842303A84 /* Pods-PTAssetsTests.debug.xcconfig */,
				B3E76E0C1A0D45B04DDB185C /* Pods-PTAssetsTests.release.xcconfig */,
			);
			path = Pods;
			sourceTree = "<group>";
		};
/* End PBXGroup section */

/* Begin PBXNativeTarget section */
		04EED885298C573C0092B93F /* PTAssets */ = {
			isa = PBXNativeTarget;
			buildConfigurationList = 04EED8B0298C573E0092B93F /* Build configuration list for PBXNativeTarget "PTAssets" */;
			buildPhases = (
				A38B22921ACE72CF9F28E1BA /* [CP] Check Pods Manifest.lock */,
				04EED882298C573C0092B93F /* Sources */,
				04EED883298C573C0092B93F /* Frameworks */,
				04EED884298C573C0092B93F /* Resources */,
				296E4B6C89B1213E5066E036 /* [CP] Embed Pods Frameworks */,
			);
			buildRules = (
			);
			dependencies = (
			);
			name = PTAssets;
			productName = PTAssets;
			productReference = 04EED886298C573C0092B93F /* PTAssets.app */;
			productType = "com.apple.product-type.application";
		};
		04EED89B298C573E0092B93F /* PTAssetsTests */ = {
			isa = PBXNativeTarget;
			buildConfigurationList = 04EED8B3298C573E0092B93F /* Build configuration list for PBXNativeTarget "PTAssetsTests" */;
			buildPhases = (
				CD1B740262A695F02B5DF686 /* [CP] Check Pods Manifest.lock */,
				04EED898298C573E0092B93F /* Sources */,
				04EED899298C573E0092B93F /* Frameworks */,
				04EED89A298C573E0092B93F /* Resources */,
			);
			buildRules = (
			);
			dependencies = (
				04EED89E298C573E0092B93F /* PBXTargetDependency */,
			);
			name = PTAssetsTests;
			productName = PTAssetsTests;
			productReference = 04EED89C298C573E0092B93F /* PTAssetsTests.xctest */;
			productType = "com.apple.product-type.bundle.unit-test";
		};
		04EED8A5298C573E0092B93F /* PTAssetsUITests */ = {
			isa = PBXNativeTarget;
			buildConfigurationList = 04EED8B6298C573E0092B93F /* Build configuration list for PBXNativeTarget "PTAssetsUITests" */;
			buildPhases = (
				0FDCD6DDE2A519E1DAFBD55C /* [CP] Check Pods Manifest.lock */,
				04EED8A2298C573E0092B93F /* Sources */,
				04EED8A3298C573E0092B93F /* Frameworks */,
				04EED8A4298C573E0092B93F /* Resources */,
				7784C83EBC2FE0E4CAEC8FF2 /* [CP] Embed Pods Frameworks */,
			);
			buildRules = (
			);
			dependencies = (
				04EED8A8298C573E0092B93F /* PBXTargetDependency */,
			);
			name = PTAssetsUITests;
			productName = PTAssetsUITests;
			productReference = 04EED8A6298C573E0092B93F /* PTAssetsUITests.xctest */;
			productType = "com.apple.product-type.bundle.ui-testing";
		};
/* End PBXNativeTarget section */

/* Begin PBXProject section */
		04EED87E298C573C0092B93F /* Project object */ = {
			isa = PBXProject;
			attributes = {
				BuildIndependentTargetsInParallel = 1;
				LastSwiftUpdateCheck = 1420;
				LastUpgradeCheck = 1420;
				TargetAttributes = {
					04EED885298C573C0092B93F = {
						CreatedOnToolsVersion = 14.2;
					};
					04EED89B298C573E0092B93F = {
						CreatedOnToolsVersion = 14.2;
						TestTargetID = 04EED885298C573C0092B93F;
					};
					04EED8A5298C573E0092B93F = {
						CreatedOnToolsVersion = 14.2;
						TestTargetID = 04EED885298C573C0092B93F;
					};
				};
			};
			buildConfigurationList = 04EED881298C573C0092B93F /* Build configuration list for PBXProject "PTAssets" */;
			compatibilityVersion = "Xcode 14.0";
			developmentRegion = en;
			hasScannedForEncodings = 0;
			knownRegions = (
				en,
				Base,
			);
			mainGroup = 04EED87D298C573C0092B93F;
			productRefGroup = 04EED887298C573C0092B93F /* Products */;
			projectDirPath = "";
			projectRoot = "";
			targets = (
				04EED885298C573C0092B93F /* PTAssets */,
				04EED89B298C573E0092B93F /* PTAssetsTests */,
				04EED8A5298C573E0092B93F /* PTAssetsUITests */,
			);
		};
/* End PBXProject section */

/* Begin PBXResourcesBuildPhase section */
		04EED884298C573C0092B93F /* Resources */ = {
			isa = PBXResourcesBuildPhase;
			buildActionMask = 2147483647;
			files = (
				04EED896298C573E0092B93F /* LaunchScreen.storyboard in Resources */,
				04EED893298C573E0092B93F /* Assets.xcassets in Resources */,
			);
			runOnlyForDeploymentPostprocessing = 0;
		};
		04EED89A298C573E0092B93F /* Resources */ = {
			isa = PBXResourcesBuildPhase;
			buildActionMask = 2147483647;
			files = (
			);
			runOnlyForDeploymentPostprocessing = 0;
		};
		04EED8A4298C573E0092B93F /* Resources */ = {
			isa = PBXResourcesBuildPhase;
			buildActionMask = 2147483647;
			files = (
			);
			runOnlyForDeploymentPostprocessing = 0;
		};
/* End PBXResourcesBuildPhase section */

/* Begin PBXShellScriptBuildPhase section */
		0FDCD6DDE2A519E1DAFBD55C /* [CP] Check Pods Manifest.lock */ = {
			isa = PBXShellScriptBuildPhase;
			buildActionMask = 2147483647;
			files = (
			);
			inputFileListPaths = (
			);
			inputPaths = (
				"${PODS_PODFILE_DIR_PATH}/Podfile.lock",
				"${PODS_ROOT}/Manifest.lock",
			);
			name = "[CP] Check Pods Manifest.lock";
			outputFileListPaths = (
			);
			outputPaths = (
				"$(DERIVED_FILE_DIR)/Pods-PTAssets-PTAssetsUITests-checkManifestLockResult.txt",
			);
			runOnlyForDeploymentPostprocessing = 0;
			shellPath = /bin/sh;
			shellScript = "diff \"${PODS_PODFILE_DIR_PATH}/Podfile.lock\" \"${PODS_ROOT}/Manifest.lock\" > /dev/null\nif [ $? != 0 ] ; then\n    # print error to STDERR\n    echo \"error: The sandbox is not in sync with the Podfile.lock. Run 'pod install' or update your CocoaPods installation.\" >&2\n    exit 1\nfi\n# This output is used by Xcode 'outputs' to avoid re-running this script phase.\necho \"SUCCESS\" > \"${SCRIPT_OUTPUT_FILE_0}\"\n";
			showEnvVarsInLog = 0;
		};
		296E4B6C89B1213E5066E036 /* [CP] Embed Pods Frameworks */ = {
			isa = PBXShellScriptBuildPhase;
			buildActionMask = 2147483647;
			files = (
			);
			inputFileListPaths = (
				"${PODS_ROOT}/Target Support Files/Pods-PTAssets/Pods-PTAssets-frameworks-${CONFIGURATION}-input-files.xcfilelist",
			);
			name = "[CP] Embed Pods Frameworks";
			outputFileListPaths = (
				"${PODS_ROOT}/Target Support Files/Pods-PTAssets/Pods-PTAssets-frameworks-${CONFIGURATION}-output-files.xcfilelist",
			);
			runOnlyForDeploymentPostprocessing = 0;
			shellPath = /bin/sh;
			shellScript = "\"${PODS_ROOT}/Target Support Files/Pods-PTAssets/Pods-PTAssets-frameworks.sh\"\n";
			showEnvVarsInLog = 0;
		};
		7784C83EBC2FE0E4CAEC8FF2 /* [CP] Embed Pods Frameworks */ = {
			isa = PBXShellScriptBuildPhase;
			buildActionMask = 2147483647;
			files = (
			);
			inputFileListPaths = (
				"${PODS_ROOT}/Target Support Files/Pods-PTAssets-PTAssetsUITests/Pods-PTAssets-PTAssetsUITests-frameworks-${CONFIGURATION}-input-files.xcfilelist",
			);
			name = "[CP] Embed Pods Frameworks";
			outputFileListPaths = (
				"${PODS_ROOT}/Target Support Files/Pods-PTAssets-PTAssetsUITests/Pods-PTAssets-PTAssetsUITests-frameworks-${CONFIGURATION}-output-files.xcfilelist",
			);
			runOnlyForDeploymentPostprocessing = 0;
			shellPath = /bin/sh;
			shellScript = "\"${PODS_ROOT}/Target Support Files/Pods-PTAssets-PTAssetsUITests/Pods-PTAssets-PTAssetsUITests-frameworks.sh\"\n";
			showEnvVarsInLog = 0;
		};
		A38B22921ACE72CF9F28E1BA /* [CP] Check Pods Manifest.lock */ = {
			isa = PBXShellScriptBuildPhase;
			buildActionMask = 2147483647;
			files = (
			);
			inputFileListPaths = (
			);
			inputPaths = (
				"${PODS_PODFILE_DIR_PATH}/Podfile.lock",
				"${PODS_ROOT}/Manifest.lock",
			);
			name = "[CP] Check Pods Manifest.lock";
			outputFileListPaths = (
			);
			outputPaths = (
				"$(DERIVED_FILE_DIR)/Pods-PTAssets-checkManifestLockResult.txt",
			);
			runOnlyForDeploymentPostprocessing = 0;
			shellPath = /bin/sh;
			shellScript = "diff \"${PODS_PODFILE_DIR_PATH}/Podfile.lock\" \"${PODS_ROOT}/Manifest.lock\" > /dev/null\nif [ $? != 0 ] ; then\n    # print error to STDERR\n    echo \"error: The sandbox is not in sync with the Podfile.lock. Run 'pod install' or update your CocoaPods installation.\" >&2\n    exit 1\nfi\n# This output is used by Xcode 'outputs' to avoid re-running this script phase.\necho \"SUCCESS\" > \"${SCRIPT_OUTPUT_FILE_0}\"\n";
			showEnvVarsInLog = 0;
		};
		CD1B740262A695F02B5DF686 /* [CP] Check Pods Manifest.lock */ = {
			isa = PBXShellScriptBuildPhase;
			buildActionMask = 2147483647;
			files = (
			);
			inputFileListPaths = (
			);
			inputPaths = (
				"${PODS_PODFILE_DIR_PATH}/Podfile.lock",
				"${PODS_ROOT}/Manifest.lock",
			);
			name = "[CP] Check Pods Manifest.lock";
			outputFileListPaths = (
			);
			outputPaths = (
				"$(DERIVED_FILE_DIR)/Pods-PTAssetsTests-checkManifestLockResult.txt",
			);
			runOnlyForDeploymentPostprocessing = 0;
			shellPath = /bin/sh;
			shellScript = "diff \"${PODS_PODFILE_DIR_PATH}/Podfile.lock\" \"${PODS_ROOT}/Manifest.lock\" > /dev/null\nif [ $? != 0 ] ; then\n    # print error to STDERR\n    echo \"error: The sandbox is not in sync with the Podfile.lock. Run 'pod install' or update your CocoaPods installation.\" >&2\n    exit 1\nfi\n# This output is used by Xcode 'outputs' to avoid re-running this script phase.\necho \"SUCCESS\" > \"${SCRIPT_OUTPUT_FILE_0}\"\n";
			showEnvVarsInLog = 0;
		};
/* End PBXShellScriptBuildPhase section */

/* Begin PBXSourcesBuildPhase section */
		04EED882298C573C0092B93F /* Sources */ = {
			isa = PBXSourcesBuildPhase;
			buildActionMask = 2147483647;
			files = (
				0447A831298E214B001FF53F /* Coordinator.swift in Sources */,
				0447A82C298D5F1A001FF53F /* MainCoordinator.swift in Sources */,
				0447A84B298FB4E7001FF53F /* NetworkManager.swift in Sources */,
				0447A856298FFB8B001FF53F /* AppConfig.swift in Sources */,
				0447A821298D4BD7001FF53F /* DetailViewController.swift in Sources */,
				0407B5D42990EBF000BFA021 /* AssetListCell.swift in Sources */,
				0447A850298FCF18001FF53F /* AssetsRequests.swift in Sources */,
				0447A854298FD00E001FF53F /* AssetsResponse.swift in Sources */,
				0447A846298EE1B4001FF53F /* MainViewModel.swift in Sources */,
				04EED88A298C573C0092B93F /* AppDelegate.swift in Sources */,
				0447A845298EE1B4001FF53F /* MainViewController.swift in Sources */,
				0447A825298D4C46001FF53F /* DetailViewModel.swift in Sources */,
				0447A849298EF610001FF53F /* APIService.swift in Sources */,
				0447A833298E21FC001FF53F /* MainCoordinatorFactory.swift in Sources */,
				0447A84D298FB985001FF53F /* APIError.swift in Sources */,
			);
			runOnlyForDeploymentPostprocessing = 0;
		};
		04EED898298C573E0092B93F /* Sources */ = {
			isa = PBXSourcesBuildPhase;
			buildActionMask = 2147483647;
			files = (
				04EED8A1298C573E0092B93F /* PTAssetsTests.swift in Sources */,
			);
			runOnlyForDeploymentPostprocessing = 0;
		};
		04EED8A2298C573E0092B93F /* Sources */ = {
			isa = PBXSourcesBuildPhase;
			buildActionMask = 2147483647;
			files = (
				04EED8AD298C573E0092B93F /* PTAssetsUITestsLaunchTests.swift in Sources */,
				04EED8AB298C573E0092B93F /* PTAssetsUITests.swift in Sources */,
			);
			runOnlyForDeploymentPostprocessing = 0;
		};
/* End PBXSourcesBuildPhase section */

/* Begin PBXTargetDependency section */
		04EED89E298C573E0092B93F /* PBXTargetDependency */ = {
			isa = PBXTargetDependency;
			target = 04EED885298C573C0092B93F /* PTAssets */;
			targetProxy = 04EED89D298C573E0092B93F /* PBXContainerItemProxy */;
		};
		04EED8A8298C573E0092B93F /* PBXTargetDependency */ = {
			isa = PBXTargetDependency;
			target = 04EED885298C573C0092B93F /* PTAssets */;
			targetProxy = 04EED8A7298C573E0092B93F /* PBXContainerItemProxy */;
		};
/* End PBXTargetDependency section */

/* Begin PBXVariantGroup section */
		04EED894298C573E0092B93F /* LaunchScreen.storyboard */ = {
			isa = PBXVariantGroup;
			children = (
				04EED895298C573E0092B93F /* Base */,
			);
			name = LaunchScreen.storyboard;
			sourceTree = "<group>";
		};
/* End PBXVariantGroup section */

/* Begin XCBuildConfiguration section */
		04EED8AE298C573E0092B93F /* Debug */ = {
			isa = XCBuildConfiguration;
			buildSettings = {
				ALWAYS_SEARCH_USER_PATHS = NO;
				CLANG_ANALYZER_NONNULL = YES;
				CLANG_ANALYZER_NUMBER_OBJECT_CONVERSION = YES_AGGRESSIVE;
				CLANG_CXX_LANGUAGE_STANDARD = "gnu++20";
				CLANG_ENABLE_MODULES = YES;
				CLANG_ENABLE_OBJC_ARC = YES;
				CLANG_ENABLE_OBJC_WEAK = YES;
				CLANG_WARN_BLOCK_CAPTURE_AUTORELEASING = YES;
				CLANG_WARN_BOOL_CONVERSION = YES;
				CLANG_WARN_COMMA = YES;
				CLANG_WARN_CONSTANT_CONVERSION = YES;
				CLANG_WARN_DEPRECATED_OBJC_IMPLEMENTATIONS = YES;
				CLANG_WARN_DIRECT_OBJC_ISA_USAGE = YES_ERROR;
				CLANG_WARN_DOCUMENTATION_COMMENTS = YES;
				CLANG_WARN_EMPTY_BODY = YES;
				CLANG_WARN_ENUM_CONVERSION = YES;
				CLANG_WARN_INFINITE_RECURSION = YES;
				CLANG_WARN_INT_CONVERSION = YES;
				CLANG_WARN_NON_LITERAL_NULL_CONVERSION = YES;
				CLANG_WARN_OBJC_IMPLICIT_RETAIN_SELF = YES;
				CLANG_WARN_OBJC_LITERAL_CONVERSION = YES;
				CLANG_WARN_OBJC_ROOT_CLASS = YES_ERROR;
				CLANG_WARN_QUOTED_INCLUDE_IN_FRAMEWORK_HEADER = YES;
				CLANG_WARN_RANGE_LOOP_ANALYSIS = YES;
				CLANG_WARN_STRICT_PROTOTYPES = YES;
				CLANG_WARN_SUSPICIOUS_MOVE = YES;
				CLANG_WARN_UNGUARDED_AVAILABILITY = YES_AGGRESSIVE;
				CLANG_WARN_UNREACHABLE_CODE = YES;
				CLANG_WARN__DUPLICATE_METHOD_MATCH = YES;
				COPY_PHASE_STRIP = NO;
				DEBUG_INFORMATION_FORMAT = dwarf;
				ENABLE_STRICT_OBJC_MSGSEND = YES;
				ENABLE_TESTABILITY = YES;
				GCC_C_LANGUAGE_STANDARD = gnu11;
				GCC_DYNAMIC_NO_PIC = NO;
				GCC_NO_COMMON_BLOCKS = YES;
				GCC_OPTIMIZATION_LEVEL = 0;
				GCC_PREPROCESSOR_DEFINITIONS = (
					"DEBUG=1",
					"$(inherited)",
				);
				GCC_WARN_64_TO_32_BIT_CONVERSION = YES;
				GCC_WARN_ABOUT_RETURN_TYPE = YES_ERROR;
				GCC_WARN_UNDECLARED_SELECTOR = YES;
				GCC_WARN_UNINITIALIZED_AUTOS = YES_AGGRESSIVE;
				GCC_WARN_UNUSED_FUNCTION = YES;
				GCC_WARN_UNUSED_VARIABLE = YES;
				IPHONEOS_DEPLOYMENT_TARGET = 16.2;
				MTL_ENABLE_DEBUG_INFO = INCLUDE_SOURCE;
				MTL_FAST_MATH = YES;
				ONLY_ACTIVE_ARCH = YES;
				SDKROOT = iphoneos;
				SWIFT_ACTIVE_COMPILATION_CONDITIONS = DEBUG;
				SWIFT_OPTIMIZATION_LEVEL = "-Onone";
			};
			name = Debug;
		};
		04EED8AF298C573E0092B93F /* Release */ = {
			isa = XCBuildConfiguration;
			buildSettings = {
				ALWAYS_SEARCH_USER_PATHS = NO;
				CLANG_ANALYZER_NONNULL = YES;
				CLANG_ANALYZER_NUMBER_OBJECT_CONVERSION = YES_AGGRESSIVE;
				CLANG_CXX_LANGUAGE_STANDARD = "gnu++20";
				CLANG_ENABLE_MODULES = YES;
				CLANG_ENABLE_OBJC_ARC = YES;
				CLANG_ENABLE_OBJC_WEAK = YES;
				CLANG_WARN_BLOCK_CAPTURE_AUTORELEASING = YES;
				CLANG_WARN_BOOL_CONVERSION = YES;
				CLANG_WARN_COMMA = YES;
				CLANG_WARN_CONSTANT_CONVERSION = YES;
				CLANG_WARN_DEPRECATED_OBJC_IMPLEMENTATIONS = YES;
				CLANG_WARN_DIRECT_OBJC_ISA_USAGE = YES_ERROR;
				CLANG_WARN_DOCUMENTATION_COMMENTS = YES;
				CLANG_WARN_EMPTY_BODY = YES;
				CLANG_WARN_ENUM_CONVERSION = YES;
				CLANG_WARN_INFINITE_RECURSION = YES;
				CLANG_WARN_INT_CONVERSION = YES;
				CLANG_WARN_NON_LITERAL_NULL_CONVERSION = YES;
				CLANG_WARN_OBJC_IMPLICIT_RETAIN_SELF = YES;
				CLANG_WARN_OBJC_LITERAL_CONVERSION = YES;
				CLANG_WARN_OBJC_ROOT_CLASS = YES_ERROR;
				CLANG_WARN_QUOTED_INCLUDE_IN_FRAMEWORK_HEADER = YES;
				CLANG_WARN_RANGE_LOOP_ANALYSIS = YES;
				CLANG_WARN_STRICT_PROTOTYPES = YES;
				CLANG_WARN_SUSPICIOUS_MOVE = YES;
				CLANG_WARN_UNGUARDED_AVAILABILITY = YES_AGGRESSIVE;
				CLANG_WARN_UNREACHABLE_CODE = YES;
				CLANG_WARN__DUPLICATE_METHOD_MATCH = YES;
				COPY_PHASE_STRIP = NO;
				DEBUG_INFORMATION_FORMAT = "dwarf-with-dsym";
				ENABLE_NS_ASSERTIONS = NO;
				ENABLE_STRICT_OBJC_MSGSEND = YES;
				GCC_C_LANGUAGE_STANDARD = gnu11;
				GCC_NO_COMMON_BLOCKS = YES;
				GCC_WARN_64_TO_32_BIT_CONVERSION = YES;
				GCC_WARN_ABOUT_RETURN_TYPE = YES_ERROR;
				GCC_WARN_UNDECLARED_SELECTOR = YES;
				GCC_WARN_UNINITIALIZED_AUTOS = YES_AGGRESSIVE;
				GCC_WARN_UNUSED_FUNCTION = YES;
				GCC_WARN_UNUSED_VARIABLE = YES;
				IPHONEOS_DEPLOYMENT_TARGET = 16.2;
				MTL_ENABLE_DEBUG_INFO = NO;
				MTL_FAST_MATH = YES;
				SDKROOT = iphoneos;
				SWIFT_COMPILATION_MODE = wholemodule;
				SWIFT_OPTIMIZATION_LEVEL = "-O";
				VALIDATE_PRODUCT = YES;
			};
			name = Release;
		};
		04EED8B1298C573E0092B93F /* Debug */ = {
			isa = XCBuildConfiguration;
			baseConfigurationReference = BF3F822D03A4553E14E34DD5 /* Pods-PTAssets.debug.xcconfig */;
			buildSettings = {
				ASSETCATALOG_COMPILER_APPICON_NAME = AppIcon;
				ASSETCATALOG_COMPILER_GLOBAL_ACCENT_COLOR_NAME = AccentColor;
				CODE_SIGN_STYLE = Automatic;
				CURRENT_PROJECT_VERSION = 1;
				DEVELOPMENT_TEAM = 9QU6SLZLG8;
				GENERATE_INFOPLIST_FILE = YES;
				INFOPLIST_FILE = PTAssets/Resources/Info.plist;
				INFOPLIST_KEY_UIApplicationSupportsIndirectInputEvents = YES;
				INFOPLIST_KEY_UILaunchStoryboardName = Home.storyboard;
				INFOPLIST_KEY_UIMainStoryboardFile = "";
				INFOPLIST_KEY_UISupportedInterfaceOrientations_iPad = "UIInterfaceOrientationPortrait UIInterfaceOrientationPortraitUpsideDown UIInterfaceOrientationLandscapeLeft UIInterfaceOrientationLandscapeRight";
				INFOPLIST_KEY_UISupportedInterfaceOrientations_iPhone = "UIInterfaceOrientationPortrait UIInterfaceOrientationLandscapeLeft UIInterfaceOrientationLandscapeRight";
				IPHONEOS_DEPLOYMENT_TARGET = 13.0;
				LD_RUNPATH_SEARCH_PATHS = (
					"$(inherited)",
					"@executable_path/Frameworks",
				);
				MARKETING_VERSION = 1.0;
				PRODUCT_BUNDLE_IDENTIFIER = com.sp.PTAssets;
				PRODUCT_NAME = "$(TARGET_NAME)";
				SWIFT_EMIT_LOC_STRINGS = YES;
				SWIFT_VERSION = 5.0;
				TARGETED_DEVICE_FAMILY = "1,2";
			};
			name = Debug;
		};
		04EED8B2298C573E0092B93F /* Release */ = {
			isa = XCBuildConfiguration;
			baseConfigurationReference = F8A3C73EC9C03141476DA71A /* Pods-PTAssets.release.xcconfig */;
			buildSettings = {
				ASSETCATALOG_COMPILER_APPICON_NAME = AppIcon;
				ASSETCATALOG_COMPILER_GLOBAL_ACCENT_COLOR_NAME = AccentColor;
				CODE_SIGN_STYLE = Automatic;
				CURRENT_PROJECT_VERSION = 1;
				DEVELOPMENT_TEAM = 9QU6SLZLG8;
				GENERATE_INFOPLIST_FILE = YES;
				INFOPLIST_FILE = PTAssets/Resources/Info.plist;
				INFOPLIST_KEY_UIApplicationSupportsIndirectInputEvents = YES;
				INFOPLIST_KEY_UILaunchStoryboardName = Home.storyboard;
				INFOPLIST_KEY_UIMainStoryboardFile = "";
				INFOPLIST_KEY_UISupportedInterfaceOrientations_iPad = "UIInterfaceOrientationPortrait UIInterfaceOrientationPortraitUpsideDown UIInterfaceOrientationLandscapeLeft UIInterfaceOrientationLandscapeRight";
				INFOPLIST_KEY_UISupportedInterfaceOrientations_iPhone = "UIInterfaceOrientationPortrait UIInterfaceOrientationLandscapeLeft UIInterfaceOrientationLandscapeRight";
				IPHONEOS_DEPLOYMENT_TARGET = 13.0;
				LD_RUNPATH_SEARCH_PATHS = (
					"$(inherited)",
					"@executable_path/Frameworks",
				);
				MARKETING_VERSION = 1.0;
				PRODUCT_BUNDLE_IDENTIFIER = com.sp.PTAssets;
				PRODUCT_NAME = "$(TARGET_NAME)";
				SWIFT_EMIT_LOC_STRINGS = YES;
				SWIFT_VERSION = 5.0;
				TARGETED_DEVICE_FAMILY = "1,2";
			};
			name = Release;
		};
		04EED8B4298C573E0092B93F /* Debug */ = {
			isa = XCBuildConfiguration;
			baseConfigurationReference = 127F21575632092842303A84 /* Pods-PTAssetsTests.debug.xcconfig */;
			buildSettings = {
				ALWAYS_EMBED_SWIFT_STANDARD_LIBRARIES = YES;
				BUNDLE_LOADER = "$(TEST_HOST)";
				CODE_SIGN_STYLE = Automatic;
				CURRENT_PROJECT_VERSION = 1;
				DEVELOPMENT_TEAM = 24Q774U2FS;
				GENERATE_INFOPLIST_FILE = YES;
				IPHONEOS_DEPLOYMENT_TARGET = 16.2;
				MARKETING_VERSION = 1.0;
				PRODUCT_BUNDLE_IDENTIFIER = com.sp.PTAssetsTests;
				PRODUCT_NAME = "$(TARGET_NAME)";
				SWIFT_EMIT_LOC_STRINGS = NO;
				SWIFT_VERSION = 5.0;
				TARGETED_DEVICE_FAMILY = "1,2";
				TEST_HOST = "$(BUILT_PRODUCTS_DIR)/PTAssets.app/$(BUNDLE_EXECUTABLE_FOLDER_PATH)/PTAssets";
			};
			name = Debug;
		};
		04EED8B5298C573E0092B93F /* Release */ = {
			isa = XCBuildConfiguration;
			baseConfigurationReference = B3E76E0C1A0D45B04DDB185C /* Pods-PTAssetsTests.release.xcconfig */;
			buildSettings = {
				ALWAYS_EMBED_SWIFT_STANDARD_LIBRARIES = YES;
				BUNDLE_LOADER = "$(TEST_HOST)";
				CODE_SIGN_STYLE = Automatic;
				CURRENT_PROJECT_VERSION = 1;
				DEVELOPMENT_TEAM = 24Q774U2FS;
				GENERATE_INFOPLIST_FILE = YES;
				IPHONEOS_DEPLOYMENT_TARGET = 16.2;
				MARKETING_VERSION = 1.0;
				PRODUCT_BUNDLE_IDENTIFIER = com.sp.PTAssetsTests;
				PRODUCT_NAME = "$(TARGET_NAME)";
				SWIFT_EMIT_LOC_STRINGS = NO;
				SWIFT_VERSION = 5.0;
				TARGETED_DEVICE_FAMILY = "1,2";
				TEST_HOST = "$(BUILT_PRODUCTS_DIR)/PTAssets.app/$(BUNDLE_EXECUTABLE_FOLDER_PATH)/PTAssets";
			};
			name = Release;
		};
		04EED8B7298C573E0092B93F /* Debug */ = {
			isa = XCBuildConfiguration;
			baseConfigurationReference = 9848B16362D69316E4CA2F65 /* Pods-PTAssets-PTAssetsUITests.debug.xcconfig */;
			buildSettings = {
				ALWAYS_EMBED_SWIFT_STANDARD_LIBRARIES = YES;
				CODE_SIGN_STYLE = Automatic;
				CURRENT_PROJECT_VERSION = 1;
				DEVELOPMENT_TEAM = 24Q774U2FS;
				GENERATE_INFOPLIST_FILE = YES;
				MARKETING_VERSION = 1.0;
				PRODUCT_BUNDLE_IDENTIFIER = com.sp.PTAssetsUITests;
				PRODUCT_NAME = "$(TARGET_NAME)";
				SWIFT_EMIT_LOC_STRINGS = NO;
				SWIFT_VERSION = 5.0;
				TARGETED_DEVICE_FAMILY = "1,2";
				TEST_TARGET_NAME = PTAssets;
			};
			name = Debug;
		};
		04EED8B8298C573E0092B93F /* Release */ = {
			isa = XCBuildConfiguration;
			baseConfigurationReference = A81B8A336719CDF8326C85C1 /* Pods-PTAssets-PTAssetsUITests.release.xcconfig */;
			buildSettings = {
				ALWAYS_EMBED_SWIFT_STANDARD_LIBRARIES = YES;
				CODE_SIGN_STYLE = Automatic;
				CURRENT_PROJECT_VERSION = 1;
				DEVELOPMENT_TEAM = 24Q774U2FS;
				GENERATE_INFOPLIST_FILE = YES;
				MARKETING_VERSION = 1.0;
				PRODUCT_BUNDLE_IDENTIFIER = com.sp.PTAssetsUITests;
				PRODUCT_NAME = "$(TARGET_NAME)";
				SWIFT_EMIT_LOC_STRINGS = NO;
				SWIFT_VERSION = 5.0;
				TARGETED_DEVICE_FAMILY = "1,2";
				TEST_TARGET_NAME = PTAssets;
			};
			name = Release;
		};
/* End XCBuildConfiguration section */

/* Begin XCConfigurationList section */
		04EED881298C573C0092B93F /* Build configuration list for PBXProject "PTAssets" */ = {
			isa = XCConfigurationList;
			buildConfigurations = (
				04EED8AE298C573E0092B93F /* Debug */,
				04EED8AF298C573E0092B93F /* Release */,
			);
			defaultConfigurationIsVisible = 0;
			defaultConfigurationName = Debug;
		};
		04EED8B0298C573E0092B93F /* Build configuration list for PBXNativeTarget "PTAssets" */ = {
			isa = XCConfigurationList;
			buildConfigurations = (
				04EED8B1298C573E0092B93F /* Debug */,
				04EED8B2298C573E0092B93F /* Release */,
			);
			defaultConfigurationIsVisible = 0;
			defaultConfigurationName = Debug;
		};
		04EED8B3298C573E0092B93F /* Build configuration list for PBXNativeTarget "PTAssetsTests" */ = {
			isa = XCConfigurationList;
			buildConfigurations = (
				04EED8B4298C573E0092B93F /* Debug */,
				04EED8B5298C573E0092B93F /* Release */,
			);
			defaultConfigurationIsVisible = 0;
			defaultConfigurationName = Debug;
		};
		04EED8B6298C573E0092B93F /* Build configuration list for PBXNativeTarget "PTAssetsUITests" */ = {
			isa = XCConfigurationList;
			buildConfigurations = (
				04EED8B7298C573E0092B93F /* Debug */,
				04EED8B8298C573E0092B93F /* Release */,
			);
			defaultConfigurationIsVisible = 0;
			defaultConfigurationName = Debug;
		};
/* End XCConfigurationList section */
	};
	rootObject = 04EED87E298C573C0092B93F /* Project object */;
}
